{
  "version": 4,
  "terraform_version": "1.0.6",
  "serial": 218,
  "lineage": "d5a1cb64-7acb-02db-6d58-d7a5eb416856",
  "outputs": {},
  "resources": [
    {
      "mode": "managed",
      "type": "digitalocean_droplet",
      "name": "agents",
      "provider": "provider[\"registry.terraform.io/digitalocean/digitalocean\"]",
      "instances": [
        {
          "index_key": 0,
          "schema_version": 1,
          "attributes": {
            "backups": false,
            "created_at": "2021-09-19T04:34:02Z",
            "disk": 160,
            "droplet_agent": null,
            "id": "265504248",
            "image": "ubuntu-18-04-x64",
            "ipv4_address": "167.71.208.73",
            "ipv4_address_private": "10.10.0.3",
            "ipv6": false,
            "ipv6_address": "",
            "locked": false,
            "memory": 8192,
            "monitoring": false,
            "name": "agent-0",
            "price_hourly": 0.05952,
            "price_monthly": 40,
            "private_networking": true,
            "region": "sgp1",
            "resize_disk": true,
            "size": "s-4vcpu-8gb",
            "ssh_keys": [
              "31322934"
            ],
            "status": "active",
            "tags": null,
            "urn": "do:droplet:265504248",
            "user_data": "0faa25cbf229d11b3668e633a4f5ffc968072111",
            "vcpus": 4,
            "volume_ids": [],
            "vpc_uuid": "5fbc8636-4301-4732-8914-187fa437e3ca"
          },
          "sensitive_attributes": [],
          "private": "eyJzY2hlbWFfdmVyc2lvbiI6IjEifQ==",
          "dependencies": [
            "digitalocean_ssh_key.default",
            "digitalocean_vpc.main"
          ]
        }
      ]
    },
    {
      "mode": "managed",
      "type": "digitalocean_droplet",
      "name": "servers",
      "provider": "provider[\"registry.terraform.io/digitalocean/digitalocean\"]",
      "instances": [
        {
          "index_key": 0,
          "schema_version": 1,
          "attributes": {
            "backups": false,
            "created_at": "2021-09-19T04:34:02Z",
            "disk": 160,
            "droplet_agent": null,
            "id": "265504247",
            "image": "ubuntu-18-04-x64",
            "ipv4_address": "167.71.199.204",
            "ipv4_address_private": "10.10.0.2",
            "ipv6": false,
            "ipv6_address": "",
            "locked": false,
            "memory": 8192,
            "monitoring": false,
            "name": "server-0",
            "price_hourly": 0.05952,
            "price_monthly": 40,
            "private_networking": true,
            "region": "sgp1",
            "resize_disk": true,
            "size": "s-4vcpu-8gb",
            "ssh_keys": [
              "31322934"
            ],
            "status": "active",
            "tags": null,
            "urn": "do:droplet:265504247",
            "user_data": "0faa25cbf229d11b3668e633a4f5ffc968072111",
            "vcpus": 4,
            "volume_ids": [],
            "vpc_uuid": "5fbc8636-4301-4732-8914-187fa437e3ca"
          },
          "sensitive_attributes": [],
          "private": "eyJzY2hlbWFfdmVyc2lvbiI6IjEifQ==",
          "dependencies": [
            "digitalocean_ssh_key.default",
            "digitalocean_vpc.main"
          ]
        }
      ]
    },
    {
      "mode": "managed",
      "type": "digitalocean_ssh_key",
      "name": "default",
      "provider": "provider[\"registry.terraform.io/digitalocean/digitalocean\"]",
      "instances": [
        {
          "schema_version": 0,
          "attributes": {
            "fingerprint": "71:8c:21:55:70:77:d7:33:70:22:88:66:02:ba:89:fa",
            "id": "31322934",
            "name": "K3S Cluster SSH Key",
            "public_key": "ssh-rsa AAAAB3NzaC1yc2EAAAADAQABAAABgQDXZ9XRqUY/d+LPDMm4rYvCV5FzQRuyB1MUy+yeZpP5y7PVKrt5ctUTWMl9C1tmJZM7hs6LKdGlNQa2OSQN056r3piRppDiABWduo0qixWEdPkptl42MMiIRD+2tRTuBbBK/Z++FUrNYPXYjNQZpAh0DChgkb3SKFqylBU6r1612XhJ1b3fOQqqe9bG7LO8Rb4hBqch6UgD3h3M3Ofp9qGqubxEfxKUYb09EZ11KpZudNrwQAmRUMeX11PWM95pdT2qLl2N9/YtHKue5lnw264EGftL5MNqyfeeuNA9O6eLE6Yt7YJM3oRmvnMfX56+dtQ+BVMXrnqrrfqUYQkz+cHxgZZne++QC97mPj/3mdyvqLqeDBvYlBIhWnt6x52jc2dStYmBvfLSQXJFhc1nlOt/iCeSvYWSzwtPR4TKiYhQbQTy5vmi2ehdO+0KnNdjON0BESPrKekH/YC6W/uP1LsY1NXbolAFJcBUTO5iPTPxedbH0+0rgOR3bp0etC7w3pc= kirin@devbox\n"
          },
          "sensitive_attributes": [],
          "private": "bnVsbA=="
        }
      ]
    },
    {
      "mode": "managed",
      "type": "digitalocean_vpc",
      "name": "main",
      "provider": "provider[\"registry.terraform.io/digitalocean/digitalocean\"]",
      "instances": [
        {
          "schema_version": 0,
          "attributes": {
            "created_at": "2021-09-19 04:34:01 +0000 UTC",
            "default": false,
            "description": "",
            "id": "5fbc8636-4301-4732-8914-187fa437e3ca",
            "ip_range": "10.10.0.0/16",
            "name": "k3s-cluster-vpc",
            "region": "sgp1",
            "timeouts": null,
            "urn": "do:vpc:5fbc8636-4301-4732-8914-187fa437e3ca"
          },
          "sensitive_attributes": [],
          "private": "eyJlMmJmYjczMC1lY2FhLTExZTYtOGY4OC0zNDM2M2JjN2M0YzAiOnsiZGVsZXRlIjoxMjAwMDAwMDAwMDB9fQ=="
        }
      ]
    }
  ]
}
