{
  "version": 4,
  "terraform_version": "1.0.6",
  "serial": 240,
  "lineage": "d5a1cb64-7acb-02db-6d58-d7a5eb416856",
  "outputs": {
    "agents": {
      "value": [
        {
          "private_ip": "10.10.0.5",
          "public_ip": "157.245.203.174"
        }
      ],
      "type": [
        "tuple",
        [
          [
            "object",
            {
              "private_ip": "string",
              "public_ip": "string"
            }
          ]
        ]
      ]
    },
    "master": {
      "value": {
        "private_ip": "10.10.0.3",
        "public_ip": "167.71.199.230"
      },
      "type": [
        "object",
        {
          "private_ip": "string",
          "public_ip": "string"
        }
      ]
    },
    "servers": {
      "value": [
        {
          "private_ip": "10.10.0.2",
          "public_ip": "167.71.197.160"
        },
        {
          "private_ip": "10.10.0.4",
          "public_ip": "157.245.203.167"
        }
      ],
      "type": [
        "tuple",
        [
          [
            "object",
            {
              "private_ip": "string",
              "public_ip": "string"
            }
          ],
          [
            "object",
            {
              "private_ip": "string",
              "public_ip": "string"
            }
          ]
        ]
      ]
    }
  },
  "resources": [
    {
      "mode": "managed",
      "type": "digitalocean_droplet",
      "name": "agents",
      "provider": "provider[\"registry.terraform.io/digitalocean/digitalocean\"]",
      "instances": [
        {
          "index_key": 0,
          "schema_version": 1,
          "attributes": {
            "backups": false,
            "created_at": "2021-09-19T07:06:03Z",
            "disk": 160,
            "droplet_agent": null,
            "id": "265521674",
            "image": "ubuntu-18-04-x64",
            "ipv4_address": "157.245.203.174",
            "ipv4_address_private": "10.10.0.5",
            "ipv6": false,
            "ipv6_address": "",
            "locked": false,
            "memory": 8192,
            "monitoring": false,
            "name": "agent-0",
            "price_hourly": 0.05952,
            "price_monthly": 40,
            "private_networking": true,
            "region": "sgp1",
            "resize_disk": true,
            "size": "s-4vcpu-8gb",
            "ssh_keys": [
              "31323584"
            ],
            "status": "active",
            "tags": null,
            "urn": "do:droplet:265521674",
            "user_data": null,
            "vcpus": 4,
            "volume_ids": [],
            "vpc_uuid": "08c948c9-92dc-423c-9366-af05f61f5d15"
          },
          "sensitive_attributes": [],
          "private": "eyJzY2hlbWFfdmVyc2lvbiI6IjEifQ==",
          "dependencies": [
            "digitalocean_ssh_key.default",
            "digitalocean_vpc.main"
          ]
        }
      ]
    },
    {
      "mode": "managed",
      "type": "digitalocean_droplet",
      "name": "master",
      "provider": "provider[\"registry.terraform.io/digitalocean/digitalocean\"]",
      "instances": [
        {
          "schema_version": 1,
          "attributes": {
            "backups": false,
            "created_at": "2021-09-19T07:06:03Z",
            "disk": 160,
            "droplet_agent": null,
            "id": "265521675",
            "image": "ubuntu-18-04-x64",
            "ipv4_address": "167.71.199.230",
            "ipv4_address_private": "10.10.0.3",
            "ipv6": false,
            "ipv6_address": "",
            "locked": false,
            "memory": 8192,
            "monitoring": false,
            "name": "master",
            "price_hourly": 0.05952,
            "price_monthly": 40,
            "private_networking": true,
            "region": "sgp1",
            "resize_disk": true,
            "size": "s-4vcpu-8gb",
            "ssh_keys": [
              "31323584"
            ],
            "status": "active",
            "tags": null,
            "urn": "do:droplet:265521675",
            "user_data": null,
            "vcpus": 4,
            "volume_ids": [],
            "vpc_uuid": "08c948c9-92dc-423c-9366-af05f61f5d15"
          },
          "sensitive_attributes": [],
          "private": "eyJzY2hlbWFfdmVyc2lvbiI6IjEifQ==",
          "dependencies": [
            "digitalocean_ssh_key.default",
            "digitalocean_vpc.main"
          ]
        }
      ]
    },
    {
      "mode": "managed",
      "type": "digitalocean_droplet",
      "name": "servers",
      "provider": "provider[\"registry.terraform.io/digitalocean/digitalocean\"]",
      "instances": [
        {
          "index_key": 0,
          "schema_version": 1,
          "attributes": {
            "backups": false,
            "created_at": "2021-09-19T07:06:02Z",
            "disk": 160,
            "droplet_agent": null,
            "id": "265521672",
            "image": "ubuntu-18-04-x64",
            "ipv4_address": "167.71.197.160",
            "ipv4_address_private": "10.10.0.2",
            "ipv6": false,
            "ipv6_address": "",
            "locked": false,
            "memory": 8192,
            "monitoring": false,
            "name": "server-0",
            "price_hourly": 0.05952,
            "price_monthly": 40,
            "private_networking": true,
            "region": "sgp1",
            "resize_disk": true,
            "size": "s-4vcpu-8gb",
            "ssh_keys": [
              "31323584"
            ],
            "status": "active",
            "tags": null,
            "urn": "do:droplet:265521672",
            "user_data": null,
            "vcpus": 4,
            "volume_ids": [],
            "vpc_uuid": "08c948c9-92dc-423c-9366-af05f61f5d15"
          },
          "sensitive_attributes": [],
          "private": "eyJzY2hlbWFfdmVyc2lvbiI6IjEifQ==",
          "dependencies": [
            "digitalocean_ssh_key.default",
            "digitalocean_vpc.main"
          ]
        },
        {
          "index_key": 1,
          "schema_version": 1,
          "attributes": {
            "backups": false,
            "created_at": "2021-09-19T07:06:02Z",
            "disk": 160,
            "droplet_agent": null,
            "id": "265521673",
            "image": "ubuntu-18-04-x64",
            "ipv4_address": "157.245.203.167",
            "ipv4_address_private": "10.10.0.4",
            "ipv6": false,
            "ipv6_address": "",
            "locked": false,
            "memory": 8192,
            "monitoring": false,
            "name": "server-1",
            "price_hourly": 0.05952,
            "price_monthly": 40,
            "private_networking": true,
            "region": "sgp1",
            "resize_disk": true,
            "size": "s-4vcpu-8gb",
            "ssh_keys": [
              "31323584"
            ],
            "status": "active",
            "tags": null,
            "urn": "do:droplet:265521673",
            "user_data": null,
            "vcpus": 4,
            "volume_ids": [],
            "vpc_uuid": "08c948c9-92dc-423c-9366-af05f61f5d15"
          },
          "sensitive_attributes": [],
          "private": "eyJzY2hlbWFfdmVyc2lvbiI6IjEifQ==",
          "dependencies": [
            "digitalocean_ssh_key.default",
            "digitalocean_vpc.main"
          ]
        }
      ]
    },
    {
      "mode": "managed",
      "type": "digitalocean_ssh_key",
      "name": "default",
      "provider": "provider[\"registry.terraform.io/digitalocean/digitalocean\"]",
      "instances": [
        {
          "schema_version": 0,
          "attributes": {
            "fingerprint": "71:8c:21:55:70:77:d7:33:70:22:88:66:02:ba:89:fa",
            "id": "31323584",
            "name": "K3S Cluster SSH Key",
            "public_key": "ssh-rsa AAAAB3NzaC1yc2EAAAADAQABAAABgQDXZ9XRqUY/d+LPDMm4rYvCV5FzQRuyB1MUy+yeZpP5y7PVKrt5ctUTWMl9C1tmJZM7hs6LKdGlNQa2OSQN056r3piRppDiABWduo0qixWEdPkptl42MMiIRD+2tRTuBbBK/Z++FUrNYPXYjNQZpAh0DChgkb3SKFqylBU6r1612XhJ1b3fOQqqe9bG7LO8Rb4hBqch6UgD3h3M3Ofp9qGqubxEfxKUYb09EZ11KpZudNrwQAmRUMeX11PWM95pdT2qLl2N9/YtHKue5lnw264EGftL5MNqyfeeuNA9O6eLE6Yt7YJM3oRmvnMfX56+dtQ+BVMXrnqrrfqUYQkz+cHxgZZne++QC97mPj/3mdyvqLqeDBvYlBIhWnt6x52jc2dStYmBvfLSQXJFhc1nlOt/iCeSvYWSzwtPR4TKiYhQbQTy5vmi2ehdO+0KnNdjON0BESPrKekH/YC6W/uP1LsY1NXbolAFJcBUTO5iPTPxedbH0+0rgOR3bp0etC7w3pc= kirin@devbox"
          },
          "sensitive_attributes": [],
          "private": "bnVsbA=="
        }
      ]
    },
    {
      "mode": "managed",
      "type": "digitalocean_vpc",
      "name": "main",
      "provider": "provider[\"registry.terraform.io/digitalocean/digitalocean\"]",
      "instances": [
        {
          "schema_version": 0,
          "attributes": {
            "created_at": "2021-09-19 07:06:00 +0000 UTC",
            "default": false,
            "description": "",
            "id": "08c948c9-92dc-423c-9366-af05f61f5d15",
            "ip_range": "10.10.0.0/16",
            "name": "k3s-cluster-vpc",
            "region": "sgp1",
            "timeouts": null,
            "urn": "do:vpc:08c948c9-92dc-423c-9366-af05f61f5d15"
          },
          "sensitive_attributes": [],
          "private": "eyJlMmJmYjczMC1lY2FhLTExZTYtOGY4OC0zNDM2M2JjN2M0YzAiOnsiZGVsZXRlIjoxMjAwMDAwMDAwMDB9fQ=="
        }
      ]
    }
  ]
}
